<?xml version="1.0" encoding="utf-8"?>
<Project ToolsVersion="4.0" xmlns="http://schemas.microsoft.com/developer/msbuild/2003">
  <ItemGroup>
    <ClCompile Include="lib\animaciones.cpp">
      <Filter>lib</Filter>
    </ClCompile>
    <ClCompile Include="lib\debug.cpp">
      <Filter>lib</Filter>
    </ClCompile>
    <ClCompile Include="lib\event.cpp">
      <Filter>lib</Filter>
    </ClCompile>
    <ClCompile Include="lib\Grafic.cpp">
      <Filter>lib</Filter>
    </ClCompile>
    <ClCompile Include="lib\image_png.cpp">
      <Filter>lib</Filter>
    </ClCompile>
    <ClCompile Include="lib\keyboard.cpp">
      <Filter>lib</Filter>
    </ClCompile>
    <ClCompile Include="lib\mouse.cpp">
      <Filter>lib</Filter>
    </ClCompile>
    <ClCompile Include="lib\sound.c">
      <Filter>lib</Filter>
    </ClCompile>
    <ClCompile Include="lib\sprites.cpp">
      <Filter>lib</Filter>
    </ClCompile>
    <ClCompile Include="lib\stb_vorbis.c">
      <Filter>lib</Filter>
    </ClCompile>
    <ClCompile Include="lib\video.cpp">
      <Filter>lib</Filter>
    </ClCompile>
    <ClCompile Include="GestioResultats.cpp">
      <Filter>Archivos de código fuente</Filter>
    </ClCompile>
    <ClCompile Include="Menu.cpp">
      <Filter>Archivos de código fuente</Filter>
    </ClCompile>
    <ClCompile Include="Joc.cpp">
      <Filter>Archivos de código fuente</Filter>
    </ClCompile>
    <ClCompile Include="Principal.cpp">
      <Filter>Archivos de código fuente</Filter>
    </ClCompile>
    <ClCompile Include="Pantalla.cpp">
      <Filter>Archivos de código fuente</Filter>
    </ClCompile>
    <ClCompile Include="Area.cpp">
      <Filter>Archivos de código fuente</Filter>
    </ClCompile>
    <ClCompile Include="Cova.cpp">
      <Filter>Archivos de código fuente</Filter>
    </ClCompile>
    <ClCompile Include="Vehicle.cpp">
      <Filter>Archivos de código fuente</Filter>
    </ClCompile>
    <ClCompile Include="Carril.cpp">
      <Filter>Archivos de código fuente</Filter>
    </ClCompile>
    <ClCompile Include="Cronometre.cpp">
      <Filter>Archivos de código fuente</Filter>
    </ClCompile>
    <ClCompile Include="Granota.cpp">
      <Filter>Archivos de código fuente</Filter>
    </ClCompile>
    <ClCompile Include="Node.cpp">
      <Filter>Archivos de código fuente</Filter>
    </ClCompile>
    <ClCompile Include="Cua.cpp">
      <Filter>Archivos de código fuente</Filter>
    </ClCompile>
    <ClCompile Include="Iterador.cpp">
      <Filter>Archivos de código fuente</Filter>
    </ClCompile>
    <ClCompile Include="Obstacle.cpp">
      <Filter>Archivos de código fuente</Filter>
    </ClCompile>
  </ItemGroup>
  <ItemGroup>
    <ClInclude Include="lib\animaciones.h">
      <Filter>lib</Filter>
    </ClInclude>
    <ClInclude Include="lib\debug.h">
      <Filter>lib</Filter>
    </ClInclude>
    <ClInclude Include="lib\event.h">
      <Filter>lib</Filter>
    </ClInclude>
    <ClInclude Include="lib\Grafic.h">
      <Filter>lib</Filter>
    </ClInclude>
    <ClInclude Include="lib\image_png.h">
      <Filter>lib</Filter>
    </ClInclude>
    <ClInclude Include="lib\keyboard.h">
      <Filter>lib</Filter>
    </ClInclude>
    <ClInclude Include="lib\keyboard_sdl.h">
      <Filter>lib</Filter>
    </ClInclude>
    <ClInclude Include="lib\libreria.h">
      <Filter>lib</Filter>
    </ClInclude>
    <ClInclude Include="lib\mouse.h">
      <Filter>lib</Filter>
    </ClInclude>
    <ClInclude Include="lib\sound.h">
      <Filter>lib</Filter>
    </ClInclude>
    <ClInclude Include="lib\sprites.h">
      <Filter>lib</Filter>
    </ClInclude>
    <ClInclude Include="lib\stb_vorbis.h">
      <Filter>lib</Filter>
    </ClInclude>
    <ClInclude Include="lib\video.h">
      <Filter>lib</Filter>
    </ClInclude>
    <ClInclude Include="GestioResultats.h">
      <Filter>Archivos de encabezado</Filter>
    </ClInclude>
    <ClInclude Include="Menu.h">
      <Filter>Archivos de encabezado</Filter>
    </ClInclude>
    <ClInclude Include="Joc.h">
      <Filter>Archivos de encabezado</Filter>
    </ClInclude>
    <ClInclude Include="Pantalla.h">
      <Filter>Archivos de encabezado</Filter>
    </ClInclude>
    <ClInclude Include="Vehicle.h">
      <Filter>Archivos de encabezado</Filter>
    </ClInclude>
    <ClInclude Include="Area.h">
      <Filter>Archivos de encabezado</Filter>
    </ClInclude>
    <ClInclude Include="Cova.h">
      <Filter>Archivos de encabezado</Filter>
    </ClInclude>
    <ClInclude Include="Carril.h">
      <Filter>Archivos de encabezado</Filter>
    </ClInclude>
    <ClInclude Include="Cronometre.h">
      <Filter>Archivos de encabezado</Filter>
    </ClInclude>
    <ClInclude Include="Granota.h">
      <Filter>Archivos de encabezado</Filter>
    </ClInclude>
    <ClInclude Include="Cua.h">
      <Filter>Archivos de encabezado</Filter>
    </ClInclude>
    <ClInclude Include="Iterador.h">
      <Filter>Archivos de encabezado</Filter>
    </ClInclude>
    <ClInclude Include="Obstacle.h">
      <Filter>Archivos de encabezado</Filter>
    </ClInclude>
  </ItemGroup>
  <ItemGroup>
    <Filter Include="lib">
      <UniqueIdentifier>{38647d23-63f3-4d6f-bc53-a152a3948d7c}</UniqueIdentifier>
    </Filter>
    <Filter Include="Archivos de código fuente">
      <UniqueIdentifier>{0cba1d1e-8dd1-4f84-b517-9cf505e48b40}</UniqueIdentifier>
    </Filter>
    <Filter Include="Archivos de encabezado">
      <UniqueIdentifier>{834a14c1-aa6f-41eb-8558-d349eebd5dea}</UniqueIdentifier>
    </Filter>
    <Filter Include="Archivos de recursos">
      <UniqueIdentifier>{e9f8f9f9-5a03-4f81-806d-477558486a15}</UniqueIdentifier>
    </Filter>
  </ItemGroup>
  <ItemGroup>
    <None Include="Node.h">
      <Filter>Archivos de encabezado</Filter>
    </None>
  </ItemGroup>
</Project>